
Microsoft Visual Studio Solution File, Format Version 12.00
# Visual Studio Version 16
VisualStudioVersion = 16.0.31112.23
MinimumVisualStudioVersion = 10.0.40219.1
Project("{FAE04EC0-301F-11D3-BF4B-00C04F79EFBC}") = "GMS.BackEnd.APICore.POC", "GMS.BackEnd.APICore.POC\GMS.BackEnd.APICore.POC.csproj", "{BC33D272-762E-4DE4-8252-3517A6F5E2F5}"
EndProject
Project("{9A19103F-16F7-4668-BE54-9A1E7A4F7556}") = "Angular_FrontEnd", "GMS.FrontEnd.POC\Angular_FrontEnd.csproj", "{2B7202E0-4540-43D3-A3BE-31FEB429F16C}"
EndProject
Global
	GlobalSection(SolutionConfigurationPlatforms) = preSolution
		Debug|Any CPU = Debug|Any CPU
		Release|Any CPU = Release|Any CPU
	EndGlobalSection
	GlobalSection(ProjectConfigurationPlatforms) = postSolution
		{BC33D272-762E-4DE4-8252-3517A6F5E2F5}.Debug|Any CPU.ActiveCfg = Debug|Any CPU
		{BC33D272-762E-4DE4-8252-3517A6F5E2F5}.Debug|Any CPU.Build.0 = Debug|Any CPU
		{BC33D272-762E-4DE4-8252-3517A6F5E2F5}.Release|Any CPU.ActiveCfg = Release|Any CPU
		{BC33D272-762E-4DE4-8252-3517A6F5E2F5}.Release|Any CPU.Build.0 = Release|Any CPU
		{2B7202E0-4540-43D3-A3BE-31FEB429F16C}.Debug|Any CPU.ActiveCfg = Debug|Any CPU
		{2B7202E0-4540-43D3-A3BE-31FEB429F16C}.Debug|Any CPU.Build.0 = Debug|Any CPU
		{2B7202E0-4540-43D3-A3BE-31FEB429F16C}.Release|Any CPU.ActiveCfg = Release|Any CPU
		{2B7202E0-4540-43D3-A3BE-31FEB429F16C}.Release|Any CPU.Build.0 = Release|Any CPU
	EndGlobalSection
	GlobalSection(SolutionProperties) = preSolution
		HideSolutionNode = FALSE
	EndGlobalSection
	GlobalSection(ExtensibilityGlobals) = postSolution
		SolutionGuid = {00AFDC58-966E-4D7F-BD1C-DBB5C98D630E}
	EndGlobalSection
EndGlobal
